
Microsoft Visual Studio Solution File, Format Version 12.00
# Visual Studio Version 17
VisualStudioVersion = 17.9.34622.214
MinimumVisualStudioVersion = 10.0.40219.1
Project("{FAE04EC0-301F-11D3-BF4B-00C04F79EFBC}") = "SimpleBlog", "SimpleBlog\SimpleBlog.csproj", "{3ECD3A86-38B3-4E79-A6E7-5327C8135D1B}"
EndProject
Global
	GlobalSection(SolutionConfigurationPlatforms) = preSolution
		Debug|Any CPU = Debug|Any CPU
		Release|Any CPU = Release|Any CPU
	EndGlobalSection
	GlobalSection(ProjectConfigurationPlatforms) = postSolution
		{3ECD3A86-38B3-4E79-A6E7-5327C8135D1B}.Debug|Any CPU.ActiveCfg = Debug|Any CPU
		{3ECD3A86-38B3-4E79-A6E7-5327C8135D1B}.Debug|Any CPU.Build.0 = Debug|Any CPU
		{3ECD3A86-38B3-4E79-A6E7-5327C8135D1B}.Release|Any CPU.ActiveCfg = Release|Any CPU
		{3ECD3A86-38B3-4E79-A6E7-5327C8135D1B}.Release|Any CPU.Build.0 = Release|Any CPU
	EndGlobalSection
	GlobalSection(SolutionProperties) = preSolution
		HideSolutionNode = FALSE
	EndGlobalSection
	GlobalSection(ExtensibilityGlobals) = postSolution
		SolutionGuid = {88AAB52D-4FAE-489C-91AC-AC3719DDD5AC}
	EndGlobalSection
EndGlobal
